// !$*UTF8*$!
{
	archiveVersion = 1;
	classes = {
	};
	objectVersion = 77;
	objects = {

/* Begin PBXBuildFile section */
		9A555E9D2DCEC1FF00A0FFB9 /* Auth in Frameworks */ = {isa = PBXBuildFile; productRef = 9A555E9C2DCEC1FF00A0FFB9 /* Auth */; };
		9A555E9F2DCEC1FF00A0FFB9 /* Functions in Frameworks */ = {isa = PBXBuildFile; productRef = 9A555E9E2DCEC1FF00A0FFB9 /* Functions */; };
		9A555EA12DCEC1FF00A0FFB9 /* PostgREST in Frameworks */ = {isa = PBXBuildFile; productRef = 9A555EA02DCEC1FF00A0FFB9 /* PostgREST */; };
		9A555EA32DCEC1FF00A0FFB9 /* Realtime in Frameworks */ = {isa = PBXBuildFile; productRef = 9A555EA22DCEC1FF00A0FFB9 /* Realtime */; };
		9A555EA52DCEC1FF00A0FFB9 /* Storage in Frameworks */ = {isa = PBXBuildFile; productRef = 9A555EA42DCEC1FF00A0FFB9 /* Storage */; };
		9A555EB42DCEC88000A0FFB9 /* GoogleSignIn in Frameworks */ = {isa = PBXBuildFile; productRef = 9A555EB32DCEC88000A0FFB9 /* GoogleSignIn */; };
		9A555EB62DCEC88000A0FFB9 /* GoogleSignInSwift in Frameworks */ = {isa = PBXBuildFile; productRef = 9A555EB52DCEC88000A0FFB9 /* GoogleSignInSwift */; };
		9A555ED12DCEF24600A0FFB9 /* Supabase in Frameworks */ = {isa = PBXBuildFile; productRef = 9A555ED02DCEF24600A0FFB9 /* Supabase */; };
/* End PBXBuildFile section */

/* Begin PBXContainerItemProxy section */
		9A555E7F2DCEC05800A0FFB9 /* PBXContainerItemProxy */ = {
			isa = PBXContainerItemProxy;
			containerPortal = 9A555E692DCEC05800A0FFB9 /* Project object */;
			proxyType = 1;
			remoteGlobalIDString = 9A555E702DCEC05800A0FFB9;
			remoteInfo = closeup;
		};
		9A555E892DCEC05800A0FFB9 /* PBXContainerItemProxy */ = {
			isa = PBXContainerItemProxy;
			containerPortal = 9A555E692DCEC05800A0FFB9 /* Project object */;
			proxyType = 1;
			remoteGlobalIDString = 9A555E702DCEC05800A0FFB9;
			remoteInfo = closeup;
		};
/* End PBXContainerItemProxy section */

/* Begin PBXFileReference section */
		9A555E712DCEC05800A0FFB9 /* closeup.app */ = {isa = PBXFileReference; explicitFileType = wrapper.application; includeInIndex = 0; path = closeup.app; sourceTree = BUILT_PRODUCTS_DIR; };
		9A555E7E2DCEC05800A0FFB9 /* closeupTests.xctest */ = {isa = PBXFileReference; explicitFileType = wrapper.cfbundle; includeInIndex = 0; path = closeupTests.xctest; sourceTree = BUILT_PRODUCTS_DIR; };
		9A555E882DCEC05800A0FFB9 /* closeupUITests.xctest */ = {isa = PBXFileReference; explicitFileType = wrapper.cfbundle; includeInIndex = 0; path = closeupUITests.xctest; sourceTree = BUILT_PRODUCTS_DIR; };
/* End PBXFileReference section */

/* Begin PBXFileSystemSynchronizedBuildFileExceptionSet section */
		9A555EB82DCECBA600A0FFB9 /* Exceptions for "closeup" folder in "closeup" target */ = {
			isa = PBXFileSystemSynchronizedBuildFileExceptionSet;
			membershipExceptions = (
				Info.plist,
			);
			target = 9A555E702DCEC05800A0FFB9 /* closeup */;
		};
/* End PBXFileSystemSynchronizedBuildFileExceptionSet section */

/* Begin PBXFileSystemSynchronizedRootGroup section */
		9A555E732DCEC05800A0FFB9 /* closeup */ = {
			isa = PBXFileSystemSynchronizedRootGroup;
			exceptions = (
				9A555EB82DCECBA600A0FFB9 /* Exceptions for "closeup" folder in "closeup" target */,
			);
			path = closeup;
			sourceTree = "<group>";
		};
		9A555E812DCEC05800A0FFB9 /* closeupTests */ = {
			isa = PBXFileSystemSynchronizedRootGroup;
			path = closeupTests;
			sourceTree = "<group>";
		};
		9A555E8B2DCEC05800A0FFB9 /* closeupUITests */ = {
			isa = PBXFileSystemSynchronizedRootGroup;
			path = closeupUITests;
			sourceTree = "<group>";
		};
/* End PBXFileSystemSynchronizedRootGroup section */

/* Begin PBXFrameworksBuildPhase section */
		9A555E6E2DCEC05800A0FFB9 /* Frameworks */ = {
			isa = PBXFrameworksBuildPhase;
			buildActionMask = 2147483647;
			files = (
				9A555EA12DCEC1FF00A0FFB9 /* PostgREST in Frameworks */,
				9A555E9F2DCEC1FF00A0FFB9 /* Functions in Frameworks */,
				9A555EB62DCEC88000A0FFB9 /* GoogleSignInSwift in Frameworks */,
				9A555E9D2DCEC1FF00A0FFB9 /* Auth in Frameworks */,
				9A555ED12DCEF24600A0FFB9 /* Supabase in Frameworks */,
				9A555EA52DCEC1FF00A0FFB9 /* Storage in Frameworks */,
				9A555EA32DCEC1FF00A0FFB9 /* Realtime in Frameworks */,
				9A555EB42DCEC88000A0FFB9 /* GoogleSignIn in Frameworks */,
			);
			runOnlyForDeploymentPostprocessing = 0;
		};
		9A555E7B2DCEC05800A0FFB9 /* Frameworks */ = {
			isa = PBXFrameworksBuildPhase;
			buildActionMask = 2147483647;
			files = (
			);
			runOnlyForDeploymentPostprocessing = 0;
		};
		9A555E852DCEC05800A0FFB9 /* Frameworks */ = {
			isa = PBXFrameworksBuildPhase;
			buildActionMask = 2147483647;
			files = (
			);
			runOnlyForDeploymentPostprocessing = 0;
		};
/* End PBXFrameworksBuildPhase section */

/* Begin PBXGroup section */
		9A555E682DCEC05800A0FFB9 = {
			isa = PBXGroup;
			children = (
				9A555E732DCEC05800A0FFB9 /* closeup */,
				9A555E812DCEC05800A0FFB9 /* closeupTests */,
				9A555E8B2DCEC05800A0FFB9 /* closeupUITests */,
				9A555ECF2DCEF24600A0FFB9 /* Frameworks */,
				9A555E722DCEC05800A0FFB9 /* Products */,
			);
			sourceTree = "<group>";
		};
		9A555E722DCEC05800A0FFB9 /* Products */ = {
			isa = PBXGroup;
			children = (
				9A555E712DCEC05800A0FFB9 /* closeup.app */,
				9A555E7E2DCEC05800A0FFB9 /* closeupTests.xctest */,
				9A555E882DCEC05800A0FFB9 /* closeupUITests.xctest */,
			);
			name = Products;
			sourceTree = "<group>";
		};
		9A555ECF2DCEF24600A0FFB9 /* Frameworks */ = {
			isa = PBXGroup;
			children = (
			);
			name = Frameworks;
			sourceTree = "<group>";
		};
/* End PBXGroup section */

/* Begin PBXNativeTarget section */
		9A555E702DCEC05800A0FFB9 /* closeup */ = {
			isa = PBXNativeTarget;
			buildConfigurationList = 9A555E922DCEC05800A0FFB9 /* Build configuration list for PBXNativeTarget "closeup" */;
			buildPhases = (
				9A555E6D2DCEC05800A0FFB9 /* Sources */,
				9A555E6E2DCEC05800A0FFB9 /* Frameworks */,
				9A555E6F2DCEC05800A0FFB9 /* Resources */,
			);
			buildRules = (
			);
			dependencies = (
			);
			fileSystemSynchronizedGroups = (
				9A555E732DCEC05800A0FFB9 /* closeup */,
			);
			name = closeup;
			packageProductDependencies = (
				9A555E9C2DCEC1FF00A0FFB9 /* Auth */,
				9A555E9E2DCEC1FF00A0FFB9 /* Functions */,
				9A555EA02DCEC1FF00A0FFB9 /* PostgREST */,
				9A555EA22DCEC1FF00A0FFB9 /* Realtime */,
				9A555EA42DCEC1FF00A0FFB9 /* Storage */,
				9A555EB32DCEC88000A0FFB9 /* GoogleSignIn */,
				9A555EB52DCEC88000A0FFB9 /* GoogleSignInSwift */,
				9A555ED02DCEF24600A0FFB9 /* Supabase */,
			);
			productName = closeup;
			productReference = 9A555E712DCEC05800A0FFB9 /* closeup.app */;
			productType = "com.apple.product-type.application";
		};
		9A555E7D2DCEC05800A0FFB9 /* closeupTests */ = {
			isa = PBXNativeTarget;
			buildConfigurationList = 9A555E952DCEC05800A0FFB9 /* Build configuration list for PBXNativeTarget "closeupTests" */;
			buildPhases = (
				9A555E7A2DCEC05800A0FFB9 /* Sources */,
				9A555E7B2DCEC05800A0FFB9 /* Frameworks */,
				9A555E7C2DCEC05800A0FFB9 /* Resources */,
			);
			buildRules = (
			);
			dependencies = (
				9A555E802DCEC05800A0FFB9 /* PBXTargetDependency */,
			);
			fileSystemSynchronizedGroups = (
				9A555E812DCEC05800A0FFB9 /* closeupTests */,
			);
			name = closeupTests;
			packageProductDependencies = (
			);
			productName = closeupTests;
			productReference = 9A555E7E2DCEC05800A0FFB9 /* closeupTests.xctest */;
			productType = "com.apple.product-type.bundle.unit-test";
		};
		9A555E872DCEC05800A0FFB9 /* closeupUITests */ = {
			isa = PBXNativeTarget;
			buildConfigurationList = 9A555E982DCEC05800A0FFB9 /* Build configuration list for PBXNativeTarget "closeupUITests" */;
			buildPhases = (
				9A555E842DCEC05800A0FFB9 /* Sources */,
				9A555E852DCEC05800A0FFB9 /* Frameworks */,
				9A555E862DCEC05800A0FFB9 /* Resources */,
			);
			buildRules = (
			);
			dependencies = (
				9A555E8A2DCEC05800A0FFB9 /* PBXTargetDependency */,
			);
			fileSystemSynchronizedGroups = (
				9A555E8B2DCEC05800A0FFB9 /* closeupUITests */,
			);
			name = closeupUITests;
			packageProductDependencies = (
			);
			productName = closeupUITests;
			productReference = 9A555E882DCEC05800A0FFB9 /* closeupUITests.xctest */;
			productType = "com.apple.product-type.bundle.ui-testing";
		};
/* End PBXNativeTarget section */

/* Begin PBXProject section */
		9A555E692DCEC05800A0FFB9 /* Project object */ = {
			isa = PBXProject;
			attributes = {
				BuildIndependentTargetsInParallel = 1;
				LastSwiftUpdateCheck = 1630;
				LastUpgradeCheck = 1630;
				TargetAttributes = {
					9A555E702DCEC05800A0FFB9 = {
						CreatedOnToolsVersion = 16.3;
					};
					9A555E7D2DCEC05800A0FFB9 = {
						CreatedOnToolsVersion = 16.3;
						TestTargetID = 9A555E702DCEC05800A0FFB9;
					};
					9A555E872DCEC05800A0FFB9 = {
						CreatedOnToolsVersion = 16.3;
						TestTargetID = 9A555E702DCEC05800A0FFB9;
					};
				};
			};
			buildConfigurationList = 9A555E6C2DCEC05800A0FFB9 /* Build configuration list for PBXProject "closeup" */;
			developmentRegion = en;
			hasScannedForEncodings = 0;
			knownRegions = (
				en,
				Base,
			);
			mainGroup = 9A555E682DCEC05800A0FFB9;
			minimizedProjectReferenceProxies = 1;
			packageReferences = (
				9A555E9B2DCEC1FF00A0FFB9 /* XCRemoteSwiftPackageReference "supabase-swift" */,
				9A555EB22DCEC88000A0FFB9 /* XCRemoteSwiftPackageReference "GoogleSignIn-iOS" */,
			);
			preferredProjectObjectVersion = 77;
			productRefGroup = 9A555E722DCEC05800A0FFB9 /* Products */;
			projectDirPath = "";
			projectRoot = "";
			targets = (
				9A555E702DCEC05800A0FFB9 /* closeup */,
				9A555E7D2DCEC05800A0FFB9 /* closeupTests */,
				9A555E872DCEC05800A0FFB9 /* closeupUITests */,
			);
		};
/* End PBXProject section */

/* Begin PBXResourcesBuildPhase section */
		9A555E6F2DCEC05800A0FFB9 /* Resources */ = {
			isa = PBXResourcesBuildPhase;
			buildActionMask = 2147483647;
			files = (
			);
			runOnlyForDeploymentPostprocessing = 0;
		};
		9A555E7C2DCEC05800A0FFB9 /* Resources */ = {
			isa = PBXResourcesBuildPhase;
			buildActionMask = 2147483647;
			files = (
			);
			runOnlyForDeploymentPostprocessing = 0;
		};
		9A555E862DCEC05800A0FFB9 /* Resources */ = {
			isa = PBXResourcesBuildPhase;
			buildActionMask = 2147483647;
			files = (
			);
			runOnlyForDeploymentPostprocessing = 0;
		};
/* End PBXResourcesBuildPhase section */

/* Begin PBXSourcesBuildPhase section */
		9A555E6D2DCEC05800A0FFB9 /* Sources */ = {
			isa = PBXSourcesBuildPhase;
			buildActionMask = 2147483647;
			files = (
			);
			runOnlyForDeploymentPostprocessing = 0;
		};
		9A555E7A2DCEC05800A0FFB9 /* Sources */ = {
			isa = PBXSourcesBuildPhase;
			buildActionMask = 2147483647;
			files = (
			);
			runOnlyForDeploymentPostprocessing = 0;
		};
		9A555E842DCEC05800A0FFB9 /* Sources */ = {
			isa = PBXSourcesBuildPhase;
			buildActionMask = 2147483647;
			files = (
			);
			runOnlyForDeploymentPostprocessing = 0;
		};
/* End PBXSourcesBuildPhase section */

/* Begin PBXTargetDependency section */
		9A555E802DCEC05800A0FFB9 /* PBXTargetDependency */ = {
			isa = PBXTargetDependency;
			target = 9A555E702DCEC05800A0FFB9 /* closeup */;
			targetProxy = 9A555E7F2DCEC05800A0FFB9 /* PBXContainerItemProxy */;
		};
		9A555E8A2DCEC05800A0FFB9 /* PBXTargetDependency */ = {
			isa = PBXTargetDependency;
			target = 9A555E702DCEC05800A0FFB9 /* closeup */;
			targetProxy = 9A555E892DCEC05800A0FFB9 /* PBXContainerItemProxy */;
		};
/* End PBXTargetDependency section */

/* Begin XCBuildConfiguration section */
		9A555E902DCEC05800A0FFB9 /* Debug */ = {
			isa = XCBuildConfiguration;
			buildSettings = {
				ALWAYS_SEARCH_USER_PATHS = NO;
				ASSETCATALOG_COMPILER_GENERATE_SWIFT_ASSET_SYMBOL_EXTENSIONS = YES;
				CLANG_ANALYZER_NONNULL = YES;
				CLANG_ANALYZER_NUMBER_OBJECT_CONVERSION = YES_AGGRESSIVE;
				CLANG_CXX_LANGUAGE_STANDARD = "gnu++20";
				CLANG_ENABLE_MODULES = YES;
				CLANG_ENABLE_OBJC_ARC = YES;
				CLANG_ENABLE_OBJC_WEAK = YES;
				CLANG_WARN_BLOCK_CAPTURE_AUTORELEASING = YES;
				CLANG_WARN_BOOL_CONVERSION = YES;
				CLANG_WARN_COMMA = YES;
				CLANG_WARN_CONSTANT_CONVERSION = YES;
				CLANG_WARN_DEPRECATED_OBJC_IMPLEMENTATIONS = YES;
				CLANG_WARN_DIRECT_OBJC_ISA_USAGE = YES_ERROR;
				CLANG_WARN_DOCUMENTATION_COMMENTS = YES;
				CLANG_WARN_EMPTY_BODY = YES;
				CLANG_WARN_ENUM_CONVERSION = YES;
				CLANG_WARN_INFINITE_RECURSION = YES;
				CLANG_WARN_INT_CONVERSION = YES;
				CLANG_WARN_NON_LITERAL_NULL_CONVERSION = YES;
				CLANG_WARN_OBJC_IMPLICIT_RETAIN_SELF = YES;
				CLANG_WARN_OBJC_LITERAL_CONVERSION = YES;
				CLANG_WARN_OBJC_ROOT_CLASS = YES_ERROR;
				CLANG_WARN_QUOTED_INCLUDE_IN_FRAMEWORK_HEADER = YES;
				CLANG_WARN_RANGE_LOOP_ANALYSIS = YES;
				CLANG_WARN_STRICT_PROTOTYPES = YES;
				CLANG_WARN_SUSPICIOUS_MOVE = YES;
				CLANG_WARN_UNGUARDED_AVAILABILITY = YES_AGGRESSIVE;
				CLANG_WARN_UNREACHABLE_CODE = YES;
				CLANG_WARN__DUPLICATE_METHOD_MATCH = YES;
				COPY_PHASE_STRIP = NO;
				DEBUG_INFORMATION_FORMAT = dwarf;
				DEVELOPMENT_TEAM = 7Y8659YP78;
				ENABLE_STRICT_OBJC_MSGSEND = YES;
				ENABLE_TESTABILITY = YES;
				ENABLE_USER_SCRIPT_SANDBOXING = YES;
				GCC_C_LANGUAGE_STANDARD = gnu17;
				GCC_DYNAMIC_NO_PIC = NO;
				GCC_NO_COMMON_BLOCKS = YES;
				GCC_OPTIMIZATION_LEVEL = 0;
				GCC_PREPROCESSOR_DEFINITIONS = (
					"DEBUG=1",
					"$(inherited)",
				);
				GCC_WARN_64_TO_32_BIT_CONVERSION = YES;
				GCC_WARN_ABOUT_RETURN_TYPE = YES_ERROR;
				GCC_WARN_UNDECLARED_SELECTOR = YES;
				GCC_WARN_UNINITIALIZED_AUTOS = YES_AGGRESSIVE;
				GCC_WARN_UNUSED_FUNCTION = YES;
				GCC_WARN_UNUSED_VARIABLE = YES;
				IPHONEOS_DEPLOYMENT_TARGET = 18.4;
				LOCALIZATION_PREFERS_STRING_CATALOGS = YES;
				MTL_ENABLE_DEBUG_INFO = INCLUDE_SOURCE;
				MTL_FAST_MATH = YES;
				ONLY_ACTIVE_ARCH = YES;
				SDKROOT = iphoneos;
				SWIFT_ACTIVE_COMPILATION_CONDITIONS = "DEBUG $(inherited)";
				SWIFT_OPTIMIZATION_LEVEL = "-Onone";
			};
			name = Debug;
		};
		9A555E912DCEC05800A0FFB9 /* Release */ = {
			isa = XCBuildConfiguration;
			buildSettings = {
				ALWAYS_SEARCH_USER_PATHS = NO;
				ASSETCATALOG_COMPILER_GENERATE_SWIFT_ASSET_SYMBOL_EXTENSIONS = YES;
				CLANG_ANALYZER_NONNULL = YES;
				CLANG_ANALYZER_NUMBER_OBJECT_CONVERSION = YES_AGGRESSIVE;
				CLANG_CXX_LANGUAGE_STANDARD = "gnu++20";
				CLANG_ENABLE_MODULES = YES;
				CLANG_ENABLE_OBJC_ARC = YES;
				CLANG_ENABLE_OBJC_WEAK = YES;
				CLANG_WARN_BLOCK_CAPTURE_AUTORELEASING = YES;
				CLANG_WARN_BOOL_CONVERSION = YES;
				CLANG_WARN_COMMA = YES;
				CLANG_WARN_CONSTANT_CONVERSION = YES;
				CLANG_WARN_DEPRECATED_OBJC_IMPLEMENTATIONS = YES;
				CLANG_WARN_DIRECT_OBJC_ISA_USAGE = YES_ERROR;
				CLANG_WARN_DOCUMENTATION_COMMENTS = YES;
				CLANG_WARN_EMPTY_BODY = YES;
				CLANG_WARN_ENUM_CONVERSION = YES;
				CLANG_WARN_INFINITE_RECURSION = YES;
				CLANG_WARN_INT_CONVERSION = YES;
				CLANG_WARN_NON_LITERAL_NULL_CONVERSION = YES;
				CLANG_WARN_OBJC_IMPLICIT_RETAIN_SELF = YES;
				CLANG_WARN_OBJC_LITERAL_CONVERSION = YES;
				CLANG_WARN_OBJC_ROOT_CLASS = YES_ERROR;
				CLANG_WARN_QUOTED_INCLUDE_IN_FRAMEWORK_HEADER = YES;
				CLANG_WARN_RANGE_LOOP_ANALYSIS = YES;
				CLANG_WARN_STRICT_PROTOTYPES = YES;
				CLANG_WARN_SUSPICIOUS_MOVE = YES;
				CLANG_WARN_UNGUARDED_AVAILABILITY = YES_AGGRESSIVE;
				CLANG_WARN_UNREACHABLE_CODE = YES;
				CLANG_WARN__DUPLICATE_METHOD_MATCH = YES;
				COPY_PHASE_STRIP = NO;
				DEBUG_INFORMATION_FORMAT = "dwarf-with-dsym";
				DEVELOPMENT_TEAM = 7Y8659YP78;
				ENABLE_NS_ASSERTIONS = NO;
				ENABLE_STRICT_OBJC_MSGSEND = YES;
				ENABLE_USER_SCRIPT_SANDBOXING = YES;
				GCC_C_LANGUAGE_STANDARD = gnu17;
				GCC_NO_COMMON_BLOCKS = YES;
				GCC_WARN_64_TO_32_BIT_CONVERSION = YES;
				GCC_WARN_ABOUT_RETURN_TYPE = YES_ERROR;
				GCC_WARN_UNDECLARED_SELECTOR = YES;
				GCC_WARN_UNINITIALIZED_AUTOS = YES_AGGRESSIVE;
				GCC_WARN_UNUSED_FUNCTION = YES;
				GCC_WARN_UNUSED_VARIABLE = YES;
				IPHONEOS_DEPLOYMENT_TARGET = 18.4;
				LOCALIZATION_PREFERS_STRING_CATALOGS = YES;
				MTL_ENABLE_DEBUG_INFO = NO;
				MTL_FAST_MATH = YES;
				SDKROOT = iphoneos;
				SWIFT_COMPILATION_MODE = wholemodule;
				VALIDATE_PRODUCT = YES;
			};
			name = Release;
		};
		9A555E932DCEC05800A0FFB9 /* Debug */ = {
			isa = XCBuildConfiguration;
			buildSettings = {
				ASSETCATALOG_COMPILER_APPICON_NAME = AppIcon;
				ASSETCATALOG_COMPILER_GLOBAL_ACCENT_COLOR_NAME = AccentColor;
				CODE_SIGN_STYLE = Automatic;
				CURRENT_PROJECT_VERSION = 1;
				DEVELOPMENT_TEAM = 7Y8659YP78;
				ENABLE_PREVIEWS = YES;
				GENERATE_INFOPLIST_FILE = YES;
				INFOPLIST_FILE = closeup/Info.plist;
				INFOPLIST_KEY_UIApplicationSceneManifest_Generation = YES;
				INFOPLIST_KEY_UIApplicationSupportsIndirectInputEvents = YES;
				INFOPLIST_KEY_UILaunchScreen_Generation = YES;
				INFOPLIST_KEY_UISupportedInterfaceOrientations_iPad = "UIInterfaceOrientationPortrait UIInterfaceOrientationPortraitUpsideDown UIInterfaceOrientationLandscapeLeft UIInterfaceOrientationLandscapeRight";
				INFOPLIST_KEY_UISupportedInterfaceOrientations_iPhone = "UIInterfaceOrientationPortrait UIInterfaceOrientationLandscapeLeft UIInterfaceOrientationLandscapeRight";
				IPHONEOS_DEPLOYMENT_TARGET = 18.3;
				LD_RUNPATH_SEARCH_PATHS = (
					"$(inherited)",
					"@executable_path/Frameworks",
				);
				MARKETING_VERSION = 1.0;
				PRODUCT_BUNDLE_IDENTIFIER = com.closeup;
				PRODUCT_NAME = "$(TARGET_NAME)";
				SWIFT_EMIT_LOC_STRINGS = YES;
				SWIFT_VERSION = 5.0;
				TARGETED_DEVICE_FAMILY = "1,2";
			};
			name = Debug;
		};
		9A555E942DCEC05800A0FFB9 /* Release */ = {
			isa = XCBuildConfiguration;
			buildSettings = {
				ASSETCATALOG_COMPILER_APPICON_NAME = AppIcon;
				ASSETCATALOG_COMPILER_GLOBAL_ACCENT_COLOR_NAME = AccentColor;
				CODE_SIGN_STYLE = Automatic;
				CURRENT_PROJECT_VERSION = 1;
				DEVELOPMENT_TEAM = 7Y8659YP78;
				ENABLE_PREVIEWS = YES;
				GENERATE_INFOPLIST_FILE = YES;
				INFOPLIST_FILE = closeup/Info.plist;
				INFOPLIST_KEY_UIApplicationSceneManifest_Generation = YES;
				INFOPLIST_KEY_UIApplicationSupportsIndirectInputEvents = YES;
				INFOPLIST_KEY_UILaunchScreen_Generation = YES;
				INFOPLIST_KEY_UISupportedInterfaceOrientations_iPad = "UIInterfaceOrientationPortrait UIInterfaceOrientationPortraitUpsideDown UIInterfaceOrientationLandscapeLeft UIInterfaceOrientationLandscapeRight";
				INFOPLIST_KEY_UISupportedInterfaceOrientations_iPhone = "UIInterfaceOrientationPortrait UIInterfaceOrientationLandscapeLeft UIInterfaceOrientationLandscapeRight";
				IPHONEOS_DEPLOYMENT_TARGET = 18.3;
				LD_RUNPATH_SEARCH_PATHS = (
					"$(inherited)",
					"@executable_path/Frameworks",
				);
				MARKETING_VERSION = 1.0;
				PRODUCT_BUNDLE_IDENTIFIER = com.closeup;
				PRODUCT_NAME = "$(TARGET_NAME)";
				SWIFT_EMIT_LOC_STRINGS = YES;
				SWIFT_VERSION = 5.0;
				TARGETED_DEVICE_FAMILY = "1,2";
			};
			name = Release;
		};
		9A555E962DCEC05800A0FFB9 /* Debug */ = {
			isa = XCBuildConfiguration;
			buildSettings = {
				BUNDLE_LOADER = "$(TEST_HOST)";
				CODE_SIGN_STYLE = Automatic;
				CURRENT_PROJECT_VERSION = 1;
				DEVELOPMENT_TEAM = 7Y8659YP78;
				GENERATE_INFOPLIST_FILE = YES;
				IPHONEOS_DEPLOYMENT_TARGET = 18.4;
				MARKETING_VERSION = 1.0;
				PRODUCT_BUNDLE_IDENTIFIER = com.closeupTests;
				PRODUCT_NAME = "$(TARGET_NAME)";
				SWIFT_EMIT_LOC_STRINGS = NO;
				SWIFT_VERSION = 5.0;
				TARGETED_DEVICE_FAMILY = "1,2";
				TEST_HOST = "$(BUILT_PRODUCTS_DIR)/closeup.app/$(BUNDLE_EXECUTABLE_FOLDER_PATH)/closeup";
			};
			name = Debug;
		};
		9A555E972DCEC05800A0FFB9 /* Release */ = {
			isa = XCBuildConfiguration;
			buildSettings = {
				BUNDLE_LOADER = "$(TEST_HOST)";
				CODE_SIGN_STYLE = Automatic;
				CURRENT_PROJECT_VERSION = 1;
				DEVELOPMENT_TEAM = 7Y8659YP78;
				GENERATE_INFOPLIST_FILE = YES;
				IPHONEOS_DEPLOYMENT_TARGET = 18.4;
				MARKETING_VERSION = 1.0;
				PRODUCT_BUNDLE_IDENTIFIER = com.closeupTests;
				PRODUCT_NAME = "$(TARGET_NAME)";
				SWIFT_EMIT_LOC_STRINGS = NO;
				SWIFT_VERSION = 5.0;
				TARGETED_DEVICE_FAMILY = "1,2";
				TEST_HOST = "$(BUILT_PRODUCTS_DIR)/closeup.app/$(BUNDLE_EXECUTABLE_FOLDER_PATH)/closeup";
			};
			name = Release;
		};
		9A555E992DCEC05800A0FFB9 /* Debug */ = {
			isa = XCBuildConfiguration;
			buildSettings = {
				CODE_SIGN_STYLE = Automatic;
				CURRENT_PROJECT_VERSION = 1;
				DEVELOPMENT_TEAM = 7Y8659YP78;
				GENERATE_INFOPLIST_FILE = YES;
				MARKETING_VERSION = 1.0;
				PRODUCT_BUNDLE_IDENTIFIER = com.closeupUITests;
				PRODUCT_NAME = "$(TARGET_NAME)";
				SWIFT_EMIT_LOC_STRINGS = NO;
				SWIFT_VERSION = 5.0;
				TARGETED_DEVICE_FAMILY = "1,2";
				TEST_TARGET_NAME = closeup;
			};
			name = Debug;
		};
		9A555E9A2DCEC05800A0FFB9 /* Release */ = {
			isa = XCBuildConfiguration;
			buildSettings = {
				CODE_SIGN_STYLE = Automatic;
				CURRENT_PROJECT_VERSION = 1;
				DEVELOPMENT_TEAM = 7Y8659YP78;
				GENERATE_INFOPLIST_FILE = YES;
				MARKETING_VERSION = 1.0;
				PRODUCT_BUNDLE_IDENTIFIER = com.closeupUITests;
				PRODUCT_NAME = "$(TARGET_NAME)";
				SWIFT_EMIT_LOC_STRINGS = NO;
				SWIFT_VERSION = 5.0;
				TARGETED_DEVICE_FAMILY = "1,2";
				TEST_TARGET_NAME = closeup;
			};
			name = Release;
		};
/* End XCBuildConfiguration section */

/* Begin XCConfigurationList section */
		9A555E6C2DCEC05800A0FFB9 /* Build configuration list for PBXProject "closeup" */ = {
			isa = XCConfigurationList;
			buildConfigurations = (
				9A555E902DCEC05800A0FFB9 /* Debug */,
				9A555E912DCEC05800A0FFB9 /* Release */,
			);
			defaultConfigurationIsVisible = 0;
			defaultConfigurationName = Release;
		};
		9A555E922DCEC05800A0FFB9 /* Build configuration list for PBXNativeTarget "closeup" */ = {
			isa = XCConfigurationList;
			buildConfigurations = (
				9A555E932DCEC05800A0FFB9 /* Debug */,
				9A555E942DCEC05800A0FFB9 /* Release */,
			);
			defaultConfigurationIsVisible = 0;
			defaultConfigurationName = Release;
		};
		9A555E952DCEC05800A0FFB9 /* Build configuration list for PBXNativeTarget "closeupTests" */ = {
			isa = XCConfigurationList;
			buildConfigurations = (
				9A555E962DCEC05800A0FFB9 /* Debug */,
				9A555E972DCEC05800A0FFB9 /* Release */,
			);
			defaultConfigurationIsVisible = 0;
			defaultConfigurationName = Release;
		};
		9A555E982DCEC05800A0FFB9 /* Build configuration list for PBXNativeTarget "closeupUITests" */ = {
			isa = XCConfigurationList;
			buildConfigurations = (
				9A555E992DCEC05800A0FFB9 /* Debug */,
				9A555E9A2DCEC05800A0FFB9 /* Release */,
			);
			defaultConfigurationIsVisible = 0;
			defaultConfigurationName = Release;
		};
/* End XCConfigurationList section */

/* Begin XCRemoteSwiftPackageReference section */
		9A555E9B2DCEC1FF00A0FFB9 /* XCRemoteSwiftPackageReference "supabase-swift" */ = {
			isa = XCRemoteSwiftPackageReference;
			repositoryURL = "https://github.com/supabase/supabase-swift.git";
			requirement = {
				kind = upToNextMajorVersion;
				minimumVersion = 2.5.1;
			};
		};
		9A555EB22DCEC88000A0FFB9 /* XCRemoteSwiftPackageReference "GoogleSignIn-iOS" */ = {
			isa = XCRemoteSwiftPackageReference;
			repositoryURL = "https://github.com/google/GoogleSignIn-iOS";
			requirement = {
				kind = upToNextMajorVersion;
				minimumVersion = 8.0.0;
			};
		};
/* End XCRemoteSwiftPackageReference section */

/* Begin XCSwiftPackageProductDependency section */
		9A555E9C2DCEC1FF00A0FFB9 /* Auth */ = {
			isa = XCSwiftPackageProductDependency;
			package = 9A555E9B2DCEC1FF00A0FFB9 /* XCRemoteSwiftPackageReference "supabase-swift" */;
			productName = Auth;
		};
		9A555E9E2DCEC1FF00A0FFB9 /* Functions */ = {
			isa = XCSwiftPackageProductDependency;
			package = 9A555E9B2DCEC1FF00A0FFB9 /* XCRemoteSwiftPackageReference "supabase-swift" */;
			productName = Functions;
		};
		9A555EA02DCEC1FF00A0FFB9 /* PostgREST */ = {
			isa = XCSwiftPackageProductDependency;
			package = 9A555E9B2DCEC1FF00A0FFB9 /* XCRemoteSwiftPackageReference "supabase-swift" */;
			productName = PostgREST;
		};
		9A555EA22DCEC1FF00A0FFB9 /* Realtime */ = {
			isa = XCSwiftPackageProductDependency;
			package = 9A555E9B2DCEC1FF00A0FFB9 /* XCRemoteSwiftPackageReference "supabase-swift" */;
			productName = Realtime;
		};
		9A555EA42DCEC1FF00A0FFB9 /* Storage */ = {
			isa = XCSwiftPackageProductDependency;
			package = 9A555E9B2DCEC1FF00A0FFB9 /* XCRemoteSwiftPackageReference "supabase-swift" */;
			productName = Storage;
		};
		9A555EB32DCEC88000A0FFB9 /* GoogleSignIn */ = {
			isa = XCSwiftPackageProductDependency;
			package = 9A555EB22DCEC88000A0FFB9 /* XCRemoteSwiftPackageReference "GoogleSignIn-iOS" */;
			productName = GoogleSignIn;
		};
		9A555EB52DCEC88000A0FFB9 /* GoogleSignInSwift */ = {
			isa = XCSwiftPackageProductDependency;
			package = 9A555EB22DCEC88000A0FFB9 /* XCRemoteSwiftPackageReference "GoogleSignIn-iOS" */;
			productName = GoogleSignInSwift;
		};
		9A555ED02DCEF24600A0FFB9 /* Supabase */ = {
			isa = XCSwiftPackageProductDependency;
			package = 9A555E9B2DCEC1FF00A0FFB9 /* XCRemoteSwiftPackageReference "supabase-swift" */;
			productName = Supabase;
		};
/* End XCSwiftPackageProductDependency section */
	};
	rootObject = 9A555E692DCEC05800A0FFB9 /* Project object */;
}
